{
    "_readme": [
        "This file locks the dependencies of your project to a known state",
        "Read more about it at http://getcomposer.org/doc/01-basic-usage.md#composer-lock-the-lock-file",
        "This file is @generated automatically"
    ],
    "hash": "990ffb8422c09881a3d62a0ddab7b453",
    "packages": [
        {
            "name": "axllent/silverstripe-enquiry-page",
            "version": "dev-master",
            "source": {
                "type": "git",
                "url": "https://github.com/axllent/silverstripe-enquiry-page.git",
                "reference": "14b066066dda659f8c099546b4091f5931726031"
            },
            "dist": {
                "type": "zip",
                "url": "https://api.github.com/repos/axllent/silverstripe-enquiry-page/zipball/14b066066dda659f8c099546b4091f5931726031",
                "reference": "14b066066dda659f8c099546b4091f5931726031",
                "shasum": ""
            },
            "require": {
                "silverstripe/cms": "3.1.*",
                "undefinedoffset/sortablegridfield": ">=0.3.1"
            },
            "type": "silverstripe-module",
            "notification-url": "https://packagist.org/downloads/",
            "license": [
                "The MIT License (MIT)"
            ],
            "authors": [
                {
                    "name": "Ralph Slooten",
                    "homepage": "http://www.axllent.org/"
                }
            ],
            "description": "Simple contact page with enquiry form",
            "homepage": "https://github.com/axllent/silverstripe-enquiry-page",
            "keywords": [
                "contact",
                "email",
                "form",
                "silverstripe"
            ],
            "time": "2014-09-24 23:04:25"
        },
        {
            "name": "burnbright/silverstripe-listsorter",
            "version": "2.0.1",
            "source": {
                "type": "git",
                "url": "https://github.com/burnbright/silverstripe-listsorter.git",
                "reference": "8ce06aedeb0edc67d4b1619397e9c502c1dbe050"
            },
            "dist": {
                "type": "zip",
                "url": "https://api.github.com/repos/burnbright/silverstripe-listsorter/zipball/8ce06aedeb0edc67d4b1619397e9c502c1dbe050",
                "reference": "8ce06aedeb0edc67d4b1619397e9c502c1dbe050",
                "shasum": ""
            },
            "require": {
                "silverstripe/cms": "3.*",
                "silverstripe/framework": "3.*"
            },
            "type": "silverstripe-module",
            "extra": {
                "installer-name": "listsorter"
            },
            "notification-url": "https://packagist.org/downloads/",
            "authors": [
                {
                    "name": "Jeremy Shipman",
                    "email": "jeremy@burnbright.net"
                }
            ],
            "description": "Easily provide front-end sorting controls for SilverStripe lists",
            "keywords": [
                "arraylist",
                "datalist",
                "list",
                "sort",
                "sortable"
            ],
            "time": "2014-08-29 03:21:00"
        },
        {
            "name": "burnbright/silverstripe-omnipay",
            "version": "1.1.0",
            "source": {
                "type": "git",
                "url": "https://github.com/burnbright/silverstripe-omnipay.git",
                "reference": "6bf3ed3dce337ca33d1cb477b93ac5263ab7388a"
            },
            "dist": {
                "type": "zip",
                "url": "https://api.github.com/repos/burnbright/silverstripe-omnipay/zipball/6bf3ed3dce337ca33d1cb477b93ac5263ab7388a",
                "reference": "6bf3ed3dce337ca33d1cb477b93ac5263ab7388a",
                "shasum": ""
            },
            "require": {
                "omnipay/omnipay": "1.1.x",
                "silverstripe/framework": "~3.1"
            },
            "require-dev": {
                "guzzle/plugin-mock": "~3.1"
            },
            "type": "silverstripe-module",
            "extra": {
                "installer-name": "omnipay"
            },
            "notification-url": "https://packagist.org/downloads/",
            "license": [
                "BSD-3-Clause"
            ],
            "authors": [
                {
                    "name": "Jeremy Shipman",
                    "homepage": "https://github.com/jedateach",
                    "role": "Developer"
                }
            ],
            "description": "SilverStripe Omnipay Payment Module",
            "keywords": [
                "omnipay",
                "payment",
                "silverstripe"
            ],
            "time": "2014-09-04 06:43:00"
        },
        {
            "name": "burnbright/silverstripe-shop",
            "version": "dev-master",
            "source": {
                "type": "git",
                "url": "https://github.com/burnbright/silverstripe-shop.git",
                "reference": "8f787150827c4b71d122bcfd01d49a3809e780d8"
            },
            "dist": {
                "type": "zip",
                "url": "https://api.github.com/repos/burnbright/silverstripe-shop/zipball/8f787150827c4b71d122bcfd01d49a3809e780d8",
                "reference": "8f787150827c4b71d122bcfd01d49a3809e780d8",
                "shasum": ""
            },
            "require": {
                "burnbright/silverstripe-listsorter": "~2.0",
                "burnbright/silverstripe-omnipay": "~1.1",
                "burnbright/silverstripe-sqlquerylist": "dev-master",
                "icecaster/versioned-gridfield": "~1.0",
                "silverstripe/cms": "~3.1",
                "silverstripe/framework": "~3.1"
            },
            "require-dev": {
                "guzzle/plugin-mock": "~3.1",
                "phpunit/phpunit": "~3.7"
            },
            "suggest": {
                "burnbright/silverstripe-shop-coloredvariations": "Select colours for variations",
                "burnbright/silverstripe-shop-comparison": "Allow comparing products side-by-side,a nd introduces a model for detailed specifications.",
                "burnbright/silverstripe-shop-discount": "Create coupons and generic discounts to be applied at checkout.",
                "burnbright/silverstripe-shop-geocoding": "Geocoding support for addresses and visitors.",
                "burnbright/silverstripe-shop-shipping": "Provide various shipping methods.",
                "tractorcow/silverstripe-opengraph": "Implementation of the Facebook Opengraph protocol for Silverstripe"
            },
            "type": "silverstripe-module",
            "extra": {
                "installer-name": "shop",
                "snapshot": "https://raw.github.com/burnbright/silverstripe-shop/gh-pages/assets/screenshots/shipping%20estimate%20form.png",
                "branch-alias": {
                    "dev-master": "1.0.x-dev"
                }
            },
            "notification-url": "https://packagist.org/downloads/",
            "license": [
                "BSD-2-Clause"
            ],
            "authors": [
                {
                    "name": "Jeremy Shipman",
                    "email": "jeremy@burnbright.net",
                    "homepage": "https://github.com/jedateach",
                    "role": "Developer"
                }
            ],
            "description": "Provides an ecommerce product catalog, shopping cart, and order management system",
            "homepage": "http://www.ss-shop.org/",
            "keywords": [
                "ecommerce",
                "online shopping",
                "ordering",
                "payment",
                "shop",
                "shopping cart",
                "silverstripe"
            ],
            "time": "2014-10-08 08:06:13"
        },
        {
            "name": "burnbright/silverstripe-sqlquerylist",
            "version": "dev-master",
            "source": {
                "type": "git",
                "url": "https://github.com/burnbright/silverstripe-sqlquerylist.git",
                "reference": "cb318e276736a32c3e9edf5d07d7046d82f81744"
            },
            "dist": {
                "type": "zip",
                "url": "https://api.github.com/repos/burnbright/silverstripe-sqlquerylist/zipball/cb318e276736a32c3e9edf5d07d7046d82f81744",
                "reference": "cb318e276736a32c3e9edf5d07d7046d82f81744",
                "shasum": ""
            },
            "require": {
                "silverstripe/framework": "~3.1"
            },
            "type": "silverstripe-module",
            "extra": {
                "installer-name": "sqlquerylist"
            },
            "notification-url": "https://packagist.org/downloads/",
            "license": [
                "BSD-3-Clause"
            ],
            "authors": [
                {
                    "name": "Jeremy Shipman",
                    "homepage": "https://github.com/jedateach",
                    "role": "Developer"
                }
            ],
            "description": "Wraps a SilverStripe SQLQuery in a SS_List",
            "keywords": [
                "list",
                "query",
                "silverstripe"
            ],
            "time": "2014-09-12 04:03:50"
        },
        {
            "name": "composer/installers",
            "version": "dev-master",
            "source": {
                "type": "git",
                "url": "https://github.com/composer/installers.git",
                "reference": "5ed225fe8545c4e4bf502d56fdd87791ecfdd078"
            },
            "dist": {
                "type": "zip",
                "url": "https://api.github.com/repos/composer/installers/zipball/5ed225fe8545c4e4bf502d56fdd87791ecfdd078",
                "reference": "5ed225fe8545c4e4bf502d56fdd87791ecfdd078",
                "shasum": ""
            },
            "replace": {
                "roundcube/plugin-installer": "*",
                "shama/baton": "*"
            },
            "require-dev": {
                "composer/composer": "1.0.*@dev",
                "phpunit/phpunit": "4.1.*"
            },
            "type": "composer-installer",
            "extra": {
                "class": "Composer\\Installers\\Installer",
                "branch-alias": {
                    "dev-master": "1.0-dev"
                }
            },
            "autoload": {
                "psr-0": {
                    "Composer\\Installers\\": "src/"
                }
            },
            "notification-url": "https://packagist.org/downloads/",
            "license": [
                "MIT"
            ],
            "authors": [
                {
                    "name": "Kyle Robinson Young",
                    "email": "kyle@dontkry.com",
                    "homepage": "https://github.com/shama"
                }
            ],
            "description": "A multi-framework Composer library installer",
            "homepage": "http://composer.github.com/installers/",
            "keywords": [
                "Craft",
                "Dolibarr",
                "Hurad",
                "MODX Evo",
                "OXID",
                "Thelia",
                "WolfCMS",
                "agl",
                "annotatecms",
                "bitrix",
                "cakephp",
                "chef",
                "codeigniter",
                "concrete5",
                "croogo",
                "drupal",
                "elgg",
                "fuelphp",
                "grav",
                "installer",
                "joomla",
                "kohana",
                "laravel",
                "lithium",
                "magento",
                "mako",
                "mediawiki",
                "modulework",
                "moodle",
                "phpbb",
                "piwik",
                "ppi",
                "puppet",
                "roundcube",
                "shopware",
                "silverstripe",
                "symfony",
                "typo3",
                "wordpress",
                "zend",
                "zikula"
            ],
            "time": "2014-09-25 03:36:45"
        },
        {
            "name": "guzzle/common",
            "version": "v3.9.2",
            "target-dir": "Guzzle/Common",
            "source": {
                "type": "git",
                "url": "https://github.com/guzzle/common.git",
                "reference": "2e36af7cf2ce3ea1f2d7c2831843b883a8e7b7dc"
            },
            "dist": {
                "type": "zip",
                "url": "https://api.github.com/repos/guzzle/common/zipball/2e36af7cf2ce3ea1f2d7c2831843b883a8e7b7dc",
                "reference": "2e36af7cf2ce3ea1f2d7c2831843b883a8e7b7dc",
                "shasum": ""
            },
            "require": {
                "php": ">=5.3.2",
                "symfony/event-dispatcher": ">=2.1"
            },
            "type": "library",
            "extra": {
                "branch-alias": {
                    "dev-master": "3.7-dev"
                }
            },
            "autoload": {
                "psr-0": {
                    "Guzzle\\Common": ""
                }
            },
            "notification-url": "https://packagist.org/downloads/",
            "license": [
                "MIT"
            ],
            "description": "Common libraries used by Guzzle",
            "homepage": "http://guzzlephp.org/",
            "keywords": [
                "collection",
                "common",
                "event",
                "exception"
            ],
            "time": "2014-08-11 04:32:36"
        },
        {
            "name": "guzzle/http",
            "version": "v3.9.2",
            "target-dir": "Guzzle/Http",
            "source": {
                "type": "git",
                "url": "https://github.com/guzzle/http.git",
                "reference": "1e8dd1e2ba9dc42332396f39fbfab950b2301dc5"
            },
            "dist": {
                "type": "zip",
                "url": "https://api.github.com/repos/guzzle/http/zipball/1e8dd1e2ba9dc42332396f39fbfab950b2301dc5",
                "reference": "1e8dd1e2ba9dc42332396f39fbfab950b2301dc5",
                "shasum": ""
            },
            "require": {
                "guzzle/common": "self.version",
                "guzzle/parser": "self.version",
                "guzzle/stream": "self.version",
                "php": ">=5.3.2"
            },
            "suggest": {
                "ext-curl": "*"
            },
            "type": "library",
            "extra": {
                "branch-alias": {
                    "dev-master": "3.7-dev"
                }
            },
            "autoload": {
                "psr-0": {
                    "Guzzle\\Http": ""
                }
            },
            "notification-url": "https://packagist.org/downloads/",
            "license": [
                "MIT"
            ],
            "authors": [
                {
                    "name": "Michael Dowling",
                    "email": "mtdowling@gmail.com",
                    "homepage": "https://github.com/mtdowling"
                }
            ],
            "description": "HTTP libraries used by Guzzle",
            "homepage": "http://guzzlephp.org/",
            "keywords": [
                "Guzzle",
                "client",
                "curl",
                "http",
                "http client"
            ],
            "time": "2014-08-11 04:32:36"
        },
        {
            "name": "guzzle/parser",
            "version": "v3.9.2",
            "target-dir": "Guzzle/Parser",
            "source": {
                "type": "git",
                "url": "https://github.com/guzzle/parser.git",
                "reference": "6874d171318a8e93eb6d224cf85e4678490b625c"
            },
            "dist": {
                "type": "zip",
                "url": "https://api.github.com/repos/guzzle/parser/zipball/6874d171318a8e93eb6d224cf85e4678490b625c",
                "reference": "6874d171318a8e93eb6d224cf85e4678490b625c",
                "shasum": ""
            },
            "require": {
                "php": ">=5.3.2"
            },
            "type": "library",
            "extra": {
                "branch-alias": {
                    "dev-master": "3.7-dev"
                }
            },
            "autoload": {
                "psr-0": {
                    "Guzzle\\Parser": ""
                }
            },
            "notification-url": "https://packagist.org/downloads/",
            "license": [
                "MIT"
            ],
            "description": "Interchangeable parsers used by Guzzle",
            "homepage": "http://guzzlephp.org/",
            "keywords": [
                "URI Template",
                "cookie",
                "http",
                "message",
                "url"
            ],
            "time": "2014-02-05 18:29:46"
        },
        {
            "name": "guzzle/stream",
            "version": "v3.9.2",
            "target-dir": "Guzzle/Stream",
            "source": {
                "type": "git",
                "url": "https://github.com/guzzle/stream.git",
                "reference": "60c7fed02e98d2c518dae8f97874c8f4622100f0"
            },
            "dist": {
                "type": "zip",
                "url": "https://api.github.com/repos/guzzle/stream/zipball/60c7fed02e98d2c518dae8f97874c8f4622100f0",
                "reference": "60c7fed02e98d2c518dae8f97874c8f4622100f0",
                "shasum": ""
            },
            "require": {
                "guzzle/common": "self.version",
                "php": ">=5.3.2"
            },
            "suggest": {
                "guzzle/http": "To convert Guzzle request objects to PHP streams"
            },
            "type": "library",
            "extra": {
                "branch-alias": {
                    "dev-master": "3.7-dev"
                }
            },
            "autoload": {
                "psr-0": {
                    "Guzzle\\Stream": ""
                }
            },
            "notification-url": "https://packagist.org/downloads/",
            "license": [
                "MIT"
            ],
            "authors": [
                {
                    "name": "Michael Dowling",
                    "email": "mtdowling@gmail.com",
                    "homepage": "https://github.com/mtdowling"
                }
            ],
            "description": "Guzzle stream wrapper component",
            "homepage": "http://guzzlephp.org/",
            "keywords": [
                "Guzzle",
                "component",
                "stream"
            ],
            "time": "2014-05-01 21:36:02"
        },
        {
            "name": "icecaster/versioned-gridfield",
            "version": "v1.0.0",
            "source": {
                "type": "git",
                "url": "https://github.com/icecaster/silverstripe-versioned-gridfield.git",
                "reference": "85e34965ff1be29cdf8dfb41558a46afb5cbd2e8"
            },
            "dist": {
                "type": "zip",
                "url": "https://api.github.com/repos/icecaster/silverstripe-versioned-gridfield/zipball/85e34965ff1be29cdf8dfb41558a46afb5cbd2e8",
                "reference": "85e34965ff1be29cdf8dfb41558a46afb5cbd2e8",
                "shasum": ""
            },
            "require": {
                "php": ">=5.3.2",
                "silverstripe/cms": "~3.1",
                "silverstripe/framework": "~3.1"
            },
            "type": "silverstripe-module",
            "notification-url": "https://packagist.org/downloads/",
            "description": "VersionedGridFieldDetailForm, for managing Sitetree (or any other versioned objects) in CMS interfaces, such as ModelAdmin",
            "keywords": [
                "blog",
                "gridfield",
                "silverstripe"
            ],
            "time": "2014-07-21 05:47:58"
        },
        {
            "name": "omnipay/omnipay",
            "version": "1.1.x-dev",
            "source": {
                "type": "git",
                "url": "https://github.com/omnipay/omnipay.git",
                "reference": "3c957cb44e383378a9ba9fa604c4da502deb747e"
            },
            "dist": {
                "type": "zip",
                "url": "https://api.github.com/repos/omnipay/omnipay/zipball/3c957cb44e383378a9ba9fa604c4da502deb747e",
                "reference": "3c957cb44e383378a9ba9fa604c4da502deb747e",
                "shasum": ""
            },
            "require": {
                "guzzle/http": "~3.1",
                "php": ">=5.3.2",
                "symfony/http-foundation": "~2.1"
            },
            "require-dev": {
                "guzzle/plugin-mock": "~3.1",
                "mockery/mockery": "~0.7",
                "phpunit/phpunit": "~3.7.16",
                "silex/silex": "1.0.*@dev",
                "squizlabs/php_codesniffer": "~1.4.4",
                "twig/twig": "~1.12"
            },
            "type": "library",
            "extra": {
                "branch-alias": {
                    "dev-master": "1.0.x-dev"
                }
            },
            "autoload": {
                "psr-0": {
                    "Omnipay": "src/"
                }
            },
            "notification-url": "https://packagist.org/downloads/",
            "license": [
                "MIT"
            ],
            "authors": [
                {
                    "name": "Adrian Macneil",
                    "email": "adrian@adrianmacneil.com"
                },
                {
                    "name": "Omnipay Community",
                    "homepage": "https://github.com/adrianmacneil/omnipay/graphs/contributors"
                }
            ],
            "description": "A framework agnostic, multi-gateway payment processing library",
            "homepage": "https://github.com/adrianmacneil/omnipay",
            "keywords": [
                "2checkout",
                "2co",
                "auth.net",
                "authorize",
                "authorize.net",
                "buckaroo",
                "cardsave",
                "commweb",
                "dps",
                "egate",
                "eway",
                "express",
                "gateway",
                "gocardless",
                "ideal",
                "merchant",
                "migs",
                "mollie",
                "multisafepay",
                "netaxept",
                "netbanx",
                "pay",
                "payfast",
                "payflow",
                "payment",
                "paymentexpress",
                "paypal",
                "pin",
                "purchase",
                "rapid",
                "sagepay",
                "securepay",
                "stripe",
                "tala",
                "tala-payments",
                "targetpay",
                "twocheckout",
                "worldpay"
            ],
            "time": "2013-10-19 17:21:33"
        },
        {
            "name": "silverstripe/cms",
            "version": "3.1.6",
            "source": {
                "type": "git",
                "url": "https://github.com/silverstripe/silverstripe-cms.git",
                "reference": "796874dae7706e7675431948c9780e18c7c74dd5"
            },
            "dist": {
                "type": "zip",
                "url": "https://api.github.com/repos/silverstripe/silverstripe-cms/zipball/796874dae7706e7675431948c9780e18c7c74dd5",
                "reference": "796874dae7706e7675431948c9780e18c7c74dd5",
                "shasum": ""
            },
            "require": {
                "composer/installers": "*",
                "php": ">=5.3.2",
                "silverstripe/framework": "3.1.*"
            },
            "type": "silverstripe-module",
            "autoload": {
                "classmap": [
                    "tests/behat/"
                ]
            },
            "notification-url": "https://packagist.org/downloads/",
            "license": [
                "BSD-3-Clause"
            ],
            "authors": [
                {
                    "name": "SilverStripe",
                    "homepage": "http://silverstripe.com"
                },
                {
                    "name": "The SilverStripe Community",
                    "homepage": "http://silverstripe.org"
                }
            ],
            "description": "The SilverStripe Content Management System",
            "homepage": "http://silverstripe.org",
            "keywords": [
                "cms",
                "silverstripe"
            ],
            "time": "2014-08-12 22:52:51"
        },
        {
            "name": "silverstripe/framework",
            "version": "3.1.6",
            "source": {
                "type": "git",
                "url": "https://github.com/silverstripe/silverstripe-framework.git",
                "reference": "9da3357e3a7348914a4778366efa053277097cc4"
            },
            "dist": {
                "type": "zip",
                "url": "https://api.github.com/repos/silverstripe/silverstripe-framework/zipball/9da3357e3a7348914a4778366efa053277097cc4",
                "reference": "9da3357e3a7348914a4778366efa053277097cc4",
                "shasum": ""
            },
            "require": {
                "composer/installers": "*",
                "php": ">=5.3.2"
            },
            "require-dev": {
                "phpunit/phpunit": "~3.7@stable"
            },
            "type": "silverstripe-module",
            "autoload": {
                "classmap": [
                    "tests/behat/features/bootstrap"
                ]
            },
            "notification-url": "https://packagist.org/downloads/",
            "license": [
                "BSD-3-Clause"
            ],
            "authors": [
                {
                    "name": "SilverStripe",
                    "homepage": "http://silverstripe.com"
                },
                {
                    "name": "The SilverStripe Community",
                    "homepage": "http://silverstripe.org"
                }
            ],
            "description": "The SilverStripe framework",
            "homepage": "http://silverstripe.org",
            "keywords": [
                "framework",
                "silverstripe"
            ],
            "time": "2014-08-24 23:25:01"
        },
        {
            "name": "symfony/event-dispatcher",
            "version": "dev-master",
            "target-dir": "Symfony/Component/EventDispatcher",
            "source": {
                "type": "git",
                "url": "https://github.com/symfony/EventDispatcher.git",
                "reference": "e133748fd9165e24f8e9498ef5862f8bd37004e5"
            },
            "dist": {
                "type": "zip",
                "url": "https://api.github.com/repos/symfony/EventDispatcher/zipball/e133748fd9165e24f8e9498ef5862f8bd37004e5",
                "reference": "e133748fd9165e24f8e9498ef5862f8bd37004e5",
                "shasum": ""
            },
            "require": {
                "php": ">=5.3.3"
            },
            "require-dev": {
                "psr/log": "~1.0",
                "symfony/config": "~2.0",
                "symfony/dependency-injection": "~2.6",
                "symfony/expression-language": "~2.6",
                "symfony/stopwatch": "~2.2"
            },
            "suggest": {
                "symfony/dependency-injection": "",
                "symfony/http-kernel": ""
            },
            "type": "library",
            "extra": {
                "branch-alias": {
                    "dev-master": "2.6-dev"
                }
            },
            "autoload": {
                "psr-0": {
                    "Symfony\\Component\\EventDispatcher\\": ""
                }
            },
            "notification-url": "https://packagist.org/downloads/",
            "license": [
                "MIT"
            ],
            "authors": [
                {
                    "name": "Symfony Community",
                    "homepage": "http://symfony.com/contributors"
                },
                {
                    "name": "Fabien Potencier",
                    "email": "fabien@symfony.com"
                }
            ],
            "description": "Symfony EventDispatcher Component",
            "homepage": "http://symfony.com",
            "time": "2014-10-04 06:08:58"
        },
        {
            "name": "symfony/http-foundation",
            "version": "dev-master",
            "target-dir": "Symfony/Component/HttpFoundation",
            "source": {
                "type": "git",
                "url": "https://github.com/symfony/HttpFoundation.git",
                "reference": "c24942a7ec2d8409d1f60d02c4460ca8317e885a"
            },
            "dist": {
                "type": "zip",
                "url": "https://api.github.com/repos/symfony/HttpFoundation/zipball/c24942a7ec2d8409d1f60d02c4460ca8317e885a",
                "reference": "c24942a7ec2d8409d1f60d02c4460ca8317e885a",
                "shasum": ""
            },
            "require": {
                "php": ">=5.3.3"
            },
            "require-dev": {
                "symfony/expression-language": "~2.4"
            },
            "type": "library",
            "extra": {
                "branch-alias": {
                    "dev-master": "2.6-dev"
                }
            },
            "autoload": {
                "psr-0": {
                    "Symfony\\Component\\HttpFoundation\\": ""
                },
                "classmap": [
                    "Symfony/Component/HttpFoundation/Resources/stubs"
                ]
            },
            "notification-url": "https://packagist.org/downloads/",
            "license": [
                "MIT"
            ],
            "authors": [
                {
                    "name": "Symfony Community",
                    "homepage": "http://symfony.com/contributors"
                },
                {
                    "name": "Fabien Potencier",
                    "email": "fabien@symfony.com"
                }
            ],
            "description": "Symfony HttpFoundation Component",
            "homepage": "http://symfony.com",
            "time": "2014-10-07 14:06:18"
        },
        {
            "name": "undefinedoffset/sortablegridfield",
            "version": "dev-master",
            "source": {
                "type": "git",
                "url": "https://github.com/UndefinedOffset/SortableGridField.git",
                "reference": "2e9b7beffd102085793eea0e9af06bcefae376e5"
            },
            "dist": {
                "type": "zip",
                "url": "https://api.github.com/repos/UndefinedOffset/SortableGridField/zipball/2e9b7beffd102085793eea0e9af06bcefae376e5",
                "reference": "2e9b7beffd102085793eea0e9af06bcefae376e5",
                "shasum": ""
            },
            "require": {
                "composer/installers": "*",
                "silverstripe/framework": ">=3.0.1,<3.2"
            },
            "type": "silverstripe-module",
            "extra": {
                "installer-name": "sortablegridfield"
            },
            "notification-url": "https://packagist.org/downloads/",
            "license": [
                "BSD-3-Clause"
            ],
            "authors": [
                {
                    "name": "Ed Chipman",
                    "homepage": "http://www.edchipman.ca",
                    "role": "Developer"
                }
            ],
            "description": "Adds drag and drop functionality to SilverStripe 3.0's GridField",
            "keywords": [
                "gridfield",
                "silverstripe"
            ],
            "time": "2014-10-03 14:23:10"
        }
    ],
    "packages-dev": [

    ],
    "aliases": [

    ],
    "minimum-stability": "dev",
    "stability-flags": {
        "silverstripe/framework": 0,
        "silverstripe/cms": 0,
        "axllent/silverstripe-enquiry-page": 20
    },
    "prefer-stable": false,
    "platform": [

    ],
    "platform-dev": [

    ]
}
